
Microsoft Visual Studio Solution File, Format Version 12.00
# Visual Studio Version 16
VisualStudioVersion = 16.0.29025.244
MinimumVisualStudioVersion = 10.0.40219.1
Project("{FAE04EC0-301F-11D3-BF4B-00C04F79EFBC}") = "4.3.UpcastingAndDownCasing", "4.3.UpcastingAndDownCasing\4.3.UpcastingAndDownCasing.csproj", "{31F3E6E4-6353-49C9-89B5-1B7F234D6949}"
EndProject
Project("{FAE04EC0-301F-11D3-BF4B-00C04F79EFBC}") = "WpfApp1", "WpfApp1\WpfApp1.csproj", "{B3FA5838-5F16-418E-B5AA-56CDE15E2B98}"
EndProject
Global
	GlobalSection(SolutionConfigurationPlatforms) = preSolution
		Debug|Any CPU = Debug|Any CPU
		Release|Any CPU = Release|Any CPU
	EndGlobalSection
	GlobalSection(ProjectConfigurationPlatforms) = postSolution
		{31F3E6E4-6353-49C9-89B5-1B7F234D6949}.Debug|Any CPU.ActiveCfg = Debug|Any CPU
		{31F3E6E4-6353-49C9-89B5-1B7F234D6949}.Debug|Any CPU.Build.0 = Debug|Any CPU
		{31F3E6E4-6353-49C9-89B5-1B7F234D6949}.Release|Any CPU.ActiveCfg = Release|Any CPU
		{31F3E6E4-6353-49C9-89B5-1B7F234D6949}.Release|Any CPU.Build.0 = Release|Any CPU
		{B3FA5838-5F16-418E-B5AA-56CDE15E2B98}.Debug|Any CPU.ActiveCfg = Debug|Any CPU
		{B3FA5838-5F16-418E-B5AA-56CDE15E2B98}.Debug|Any CPU.Build.0 = Debug|Any CPU
		{B3FA5838-5F16-418E-B5AA-56CDE15E2B98}.Release|Any CPU.ActiveCfg = Release|Any CPU
		{B3FA5838-5F16-418E-B5AA-56CDE15E2B98}.Release|Any CPU.Build.0 = Release|Any CPU
	EndGlobalSection
	GlobalSection(SolutionProperties) = preSolution
		HideSolutionNode = FALSE
	EndGlobalSection
	GlobalSection(ExtensibilityGlobals) = postSolution
		SolutionGuid = {2F086463-AA3E-42C4-BCCF-D7E632F31EF8}
	EndGlobalSection
EndGlobal
